// !$*UTF8*$!
{
	archiveVersion = 1;
	classes = {
	};
	objectVersion = 50;
	objects = {

/* Begin PBXBuildFile section */
		9AF95983215EB53D00BACF20 /* AppDelegate.swift in Sources */ = {isa = PBXBuildFile; fileRef = 9AF95982215EB53D00BACF20 /* AppDelegate.swift */; };
		9AF95985215EB53D00BACF20 /* NavViewController.swift in Sources */ = {isa = PBXBuildFile; fileRef = 9AF95984215EB53D00BACF20 /* NavViewController.swift */; };
		9AF95988215EB53D00BACF20 /* Main.storyboard in Resources */ = {isa = PBXBuildFile; fileRef = 9AF95986215EB53D00BACF20 /* Main.storyboard */; };
		9AF9598A215EB53F00BACF20 /* Assets.xcassets in Resources */ = {isa = PBXBuildFile; fileRef = 9AF95989215EB53F00BACF20 /* Assets.xcassets */; };
		9AF9598D215EB53F00BACF20 /* LaunchScreen.storyboard in Resources */ = {isa = PBXBuildFile; fileRef = 9AF9598B215EB53F00BACF20 /* LaunchScreen.storyboard */; };
		9AF95995215EB57A00BACF20 /* RootViewController.swift in Sources */ = {isa = PBXBuildFile; fileRef = 9AF95994215EB57A00BACF20 /* RootViewController.swift */; };
		9AF95997215EB58000BACF20 /* DetailViewController.swift in Sources */ = {isa = PBXBuildFile; fileRef = 9AF95996215EB58000BACF20 /* DetailViewController.swift */; };
		9AF95999215EB64900BACF20 /* Item.swift in Sources */ = {isa = PBXBuildFile; fileRef = 9AF95998215EB64900BACF20 /* Item.swift */; };
		9AF9599B215EB8D900BACF20 /* DetailTransitionController.swift in Sources */ = {isa = PBXBuildFile; fileRef = 9AF9599A215EB8D900BACF20 /* DetailTransitionController.swift */; };
/* End PBXBuildFile section */

/* Begin PBXFileReference section */
		9AF9597F215EB53D00BACF20 /* InteractiveTransitionTest.app */ = {isa = PBXFileReference; explicitFileType = wrapper.application; includeInIndex = 0; path = InteractiveTransitionTest.app; sourceTree = BUILT_PRODUCTS_DIR; };
		9AF95982215EB53D00BACF20 /* AppDelegate.swift */ = {isa = PBXFileReference; lastKnownFileType = sourcecode.swift; path = AppDelegate.swift; sourceTree = "<group>"; };
		9AF95984215EB53D00BACF20 /* NavViewController.swift */ = {isa = PBXFileReference; lastKnownFileType = sourcecode.swift; path = NavViewController.swift; sourceTree = "<group>"; };
		9AF95987215EB53D00BACF20 /* Base */ = {isa = PBXFileReference; lastKnownFileType = file.storyboard; name = Base; path = Base.lproj/Main.storyboard; sourceTree = "<group>"; };
		9AF95989215EB53F00BACF20 /* Assets.xcassets */ = {isa = PBXFileReference; lastKnownFileType = folder.assetcatalog; path = Assets.xcassets; sourceTree = "<group>"; };
		9AF9598C215EB53F00BACF20 /* Base */ = {isa = PBXFileReference; lastKnownFileType = file.storyboard; name = Base; path = Base.lproj/LaunchScreen.storyboard; sourceTree = "<group>"; };
		9AF9598E215EB53F00BACF20 /* Info.plist */ = {isa = PBXFileReference; lastKnownFileType = text.plist.xml; path = Info.plist; sourceTree = "<group>"; };
		9AF95994215EB57A00BACF20 /* RootViewController.swift */ = {isa = PBXFileReference; lastKnownFileType = sourcecode.swift; path = RootViewController.swift; sourceTree = "<group>"; };
		9AF95996215EB58000BACF20 /* DetailViewController.swift */ = {isa = PBXFileReference; lastKnownFileType = sourcecode.swift; path = DetailViewController.swift; sourceTree = "<group>"; };
		9AF95998215EB64900BACF20 /* Item.swift */ = {isa = PBXFileReference; lastKnownFileType = sourcecode.swift; path = Item.swift; sourceTree = "<group>"; };
		9AF9599A215EB8D900BACF20 /* DetailTransitionController.swift */ = {isa = PBXFileReference; lastKnownFileType = sourcecode.swift; path = DetailTransitionController.swift; sourceTree = "<group>"; };
/* End PBXFileReference section */

/* Begin PBXFrameworksBuildPhase section */
		9AF9597C215EB53D00BACF20 /* Frameworks */ = {
			isa = PBXFrameworksBuildPhase;
			buildActionMask = 2147483647;
			files = (
			);
			runOnlyForDeploymentPostprocessing = 0;
		};
/* End PBXFrameworksBuildPhase section */

/* Begin PBXGroup section */
		9AF95976215EB53D00BACF20 = {
			isa = PBXGroup;
			children = (
				9AF95981215EB53D00BACF20 /* InteractiveTransitionTest */,
				9AF95980215EB53D00BACF20 /* Products */,
			);
			sourceTree = "<group>";
		};
		9AF95980215EB53D00BACF20 /* Products */ = {
			isa = PBXGroup;
			children = (
				9AF9597F215EB53D00BACF20 /* InteractiveTransitionTest.app */,
			);
			name = Products;
			sourceTree = "<group>";
		};
		9AF95981215EB53D00BACF20 /* InteractiveTransitionTest */ = {
			isa = PBXGroup;
			children = (
				9AF95982215EB53D00BACF20 /* AppDelegate.swift */,
				9AF95984215EB53D00BACF20 /* NavViewController.swift */,
				9AF95986215EB53D00BACF20 /* Main.storyboard */,
				9AF95989215EB53F00BACF20 /* Assets.xcassets */,
				9AF9598B215EB53F00BACF20 /* LaunchScreen.storyboard */,
				9AF9598E215EB53F00BACF20 /* Info.plist */,
				9AF95994215EB57A00BACF20 /* RootViewController.swift */,
				9AF95998215EB64900BACF20 /* Item.swift */,
				9AF95996215EB58000BACF20 /* DetailViewController.swift */,
				9AF9599A215EB8D900BACF20 /* DetailTransitionController.swift */,
			);
			path = InteractiveTransitionTest;
			sourceTree = "<group>";
		};
/* End PBXGroup section */

/* Begin PBXNativeTarget section */
		9AF9597E215EB53D00BACF20 /* InteractiveTransitionTest */ = {
			isa = PBXNativeTarget;
			buildConfigurationList = 9AF95991215EB53F00BACF20 /* Build configuration list for PBXNativeTarget "InteractiveTransitionTest" */;
			buildPhases = (
				9AF9597B215EB53D00BACF20 /* Sources */,
				9AF9597C215EB53D00BACF20 /* Frameworks */,
				9AF9597D215EB53D00BACF20 /* Resources */,
			);
			buildRules = (
			);
			dependencies = (
			);
			name = InteractiveTransitionTest;
			productName = InteractiveTransitionTest;
			productReference = 9AF9597F215EB53D00BACF20 /* InteractiveTransitionTest.app */;
			productType = "com.apple.product-type.application";
		};
/* End PBXNativeTarget section */

/* Begin PBXProject section */
		9AF95977215EB53D00BACF20 /* Project object */ = {
			isa = PBXProject;
			attributes = {
				LastSwiftUpdateCheck = 1000;
				LastUpgradeCheck = 1000;
				ORGANIZATIONNAME = "Jayson Rhynas";
				TargetAttributes = {
					9AF9597E215EB53D00BACF20 = {
						CreatedOnToolsVersion = 10.0;
					};
				};
			};
			buildConfigurationList = 9AF9597A215EB53D00BACF20 /* Build configuration list for PBXProject "InteractiveTransitionTest" */;
			compatibilityVersion = "Xcode 9.3";
			developmentRegion = en;
			hasScannedForEncodings = 0;
			knownRegions = (
				en,
				Base,
			);
			mainGroup = 9AF95976215EB53D00BACF20;
			productRefGroup = 9AF95980215EB53D00BACF20 /* Products */;
			projectDirPath = "";
			projectRoot = "";
			targets = (
				9AF9597E215EB53D00BACF20 /* InteractiveTransitionTest */,
			);
		};
/* End PBXProject section */

/* Begin PBXResourcesBuildPhase section */
		9AF9597D215EB53D00BACF20 /* Resources */ = {
			isa = PBXResourcesBuildPhase;
			buildActionMask = 2147483647;
			files = (
				9AF9598D215EB53F00BACF20 /* LaunchScreen.storyboard in Resources */,
				9AF9598A215EB53F00BACF20 /* Assets.xcassets in Resources */,
				9AF95988215EB53D00BACF20 /* Main.storyboard in Resources */,
			);
			runOnlyForDeploymentPostprocessing = 0;
		};
/* End PBXResourcesBuildPhase section */

/* Begin PBXSourcesBuildPhase section */
		9AF9597B215EB53D00BACF20 /* Sources */ = {
			isa = PBXSourcesBuildPhase;
			buildActionMask = 2147483647;
			files = (
				9AF95999215EB64900BACF20 /* Item.swift in Sources */,
				9AF9599B215EB8D900BACF20 /* DetailTransitionController.swift in Sources */,
				9AF95985215EB53D00BACF20 /* NavViewController.swift in Sources */,
				9AF95983215EB53D00BACF20 /* AppDelegate.swift in Sources */,
				9AF95995215EB57A00BACF20 /* RootViewController.swift in Sources */,
				9AF95997215EB58000BACF20 /* DetailViewController.swift in Sources */,
			);
			runOnlyForDeploymentPostprocessing = 0;
		};
/* End PBXSourcesBuildPhase section */

/* Begin PBXVariantGroup section */
		9AF95986215EB53D00BACF20 /* Main.storyboard */ = {
			isa = PBXVariantGroup;
			children = (
				9AF95987215EB53D00BACF20 /* Base */,
			);
			name = Main.storyboard;
			sourceTree = "<group>";
		};
		9AF9598B215EB53F00BACF20 /* LaunchScreen.storyboard */ = {
			isa = PBXVariantGroup;
			children = (
				9AF9598C215EB53F00BACF20 /* Base */,
			);
			name = LaunchScreen.storyboard;
			sourceTree = "<group>";
		};
/* End PBXVariantGroup section */

/* Begin XCBuildConfiguration section */
		9AF9598F215EB53F00BACF20 /* Debug */ = {
			isa = XCBuildConfiguration;
			buildSettings = {
				ALWAYS_SEARCH_USER_PATHS = NO;
				CLANG_ANALYZER_NONNULL = YES;
				CLANG_ANALYZER_NUMBER_OBJECT_CONVERSION = YES_AGGRESSIVE;
				CLANG_CXX_LANGUAGE_STANDARD = "gnu++14";
				CLANG_CXX_LIBRARY = "libc++";
				CLANG_ENABLE_MODULES = YES;
				CLANG_ENABLE_OBJC_ARC = YES;
				CLANG_ENABLE_OBJC_WEAK = YES;
				CLANG_WARN_BLOCK_CAPTURE_AUTORELEASING = YES;
				CLANG_WARN_BOOL_CONVERSION = YES;
				CLANG_WARN_COMMA = YES;
				CLANG_WARN_CONSTANT_CONVERSION = YES;
				CLANG_WARN_DEPRECATED_OBJC_IMPLEMENTATIONS = YES;
				CLANG_WARN_DIRECT_OBJC_ISA_USAGE = YES_ERROR;
				CLANG_WARN_DOCUMENTATION_COMMENTS = YES;
				CLANG_WARN_EMPTY_BODY = YES;
				CLANG_WARN_ENUM_CONVERSION = YES;
				CLANG_WARN_INFINITE_RECURSION = YES;
				CLANG_WARN_INT_CONVERSION = YES;
				CLANG_WARN_NON_LITERAL_NULL_CONVERSION = YES;
				CLANG_WARN_OBJC_IMPLICIT_RETAIN_SELF = YES;
				CLANG_WARN_OBJC_LITERAL_CONVERSION = YES;
				CLANG_WARN_OBJC_ROOT_CLASS = YES_ERROR;
				CLANG_WARN_RANGE_LOOP_ANALYSIS = YES;
				CLANG_WARN_STRICT_PROTOTYPES = YES;
				CLANG_WARN_SUSPICIOUS_MOVE = YES;
				CLANG_WARN_UNGUARDED_AVAILABILITY = YES_AGGRESSIVE;
				CLANG_WARN_UNREACHABLE_CODE = YES;
				CLANG_WARN__DUPLICATE_METHOD_MATCH = YES;
				CODE_SIGN_IDENTITY = "iPhone Developer";
				COPY_PHASE_STRIP = NO;
				DEBUG_INFORMATION_FORMAT = dwarf;
				ENABLE_STRICT_OBJC_MSGSEND = YES;
				ENABLE_TESTABILITY = YES;
				GCC_C_LANGUAGE_STANDARD = gnu11;
				GCC_DYNAMIC_NO_PIC = NO;
				GCC_NO_COMMON_BLOCKS = YES;
				GCC_OPTIMIZATION_LEVEL = 0;
				GCC_PREPROCESSOR_DEFINITIONS = (
					"DEBUG=1",
					"$(inherited)",
				);
				GCC_WARN_64_TO_32_BIT_CONVERSION = YES;
				GCC_WARN_ABOUT_RETURN_TYPE = YES_ERROR;
				GCC_WARN_UNDECLARED_SELECTOR = YES;
				GCC_WARN_UNINITIALIZED_AUTOS = YES_AGGRESSIVE;
				GCC_WARN_UNUSED_FUNCTION = YES;
				GCC_WARN_UNUSED_VARIABLE = YES;
				IPHONEOS_DEPLOYMENT_TARGET = 12.0;
				MTL_ENABLE_DEBUG_INFO = INCLUDE_SOURCE;
				MTL_FAST_MATH = YES;
				ONLY_ACTIVE_ARCH = YES;
				SDKROOT = iphoneos;
				SWIFT_ACTIVE_COMPILATION_CONDITIONS = DEBUG;
				SWIFT_OPTIMIZATION_LEVEL = "-Onone";
			};
			name = Debug;
		};
		9AF95990215EB53F00BACF20 /* Release */ = {
			isa = XCBuildConfiguration;
			buildSettings = {
				ALWAYS_SEARCH_USER_PATHS = NO;
				CLANG_ANALYZER_NONNULL = YES;
				CLANG_ANALYZER_NUMBER_OBJECT_CONVERSION = YES_AGGRESSIVE;
				CLANG_CXX_LANGUAGE_STANDARD = "gnu++14";
				CLANG_CXX_LIBRARY = "libc++";
				CLANG_ENABLE_MODULES = YES;
				CLANG_ENABLE_OBJC_ARC = YES;
				CLANG_ENABLE_OBJC_WEAK = YES;
				CLANG_WARN_BLOCK_CAPTURE_AUTORELEASING = YES;
				CLANG_WARN_BOOL_CONVERSION = YES;
				CLANG_WARN_COMMA = YES;
				CLANG_WARN_CONSTANT_CONVERSION = YES;
				CLANG_WARN_DEPRECATED_OBJC_IMPLEMENTATIONS = YES;
				CLANG_WARN_DIRECT_OBJC_ISA_USAGE = YES_ERROR;
				CLANG_WARN_DOCUMENTATION_COMMENTS = YES;
				CLANG_WARN_EMPTY_BODY = YES;
				CLANG_WARN_ENUM_CONVERSION = YES;
				CLANG_WARN_INFINITE_RECURSION = YES;
				CLANG_WARN_INT_CONVERSION = YES;
				CLANG_WARN_NON_LITERAL_NULL_CONVERSION = YES;
				CLANG_WARN_OBJC_IMPLICIT_RETAIN_SELF = YES;
				CLANG_WARN_OBJC_LITERAL_CONVERSION = YES;
				CLANG_WARN_OBJC_ROOT_CLASS = YES_ERROR;
				CLANG_WARN_RANGE_LOOP_ANALYSIS = YES;
				CLANG_WARN_STRICT_PROTOTYPES = YES;
				CLANG_WARN_SUSPICIOUS_MOVE = YES;
				CLANG_WARN_UNGUARDED_AVAILABILITY = YES_AGGRESSIVE;
				CLANG_WARN_UNREACHABLE_CODE = YES;
				CLANG_WARN__DUPLICATE_METHOD_MATCH = YES;
				CODE_SIGN_IDENTITY = "iPhone Developer";
				COPY_PHASE_STRIP = NO;
				DEBUG_INFORMATION_FORMAT = "dwarf-with-dsym";
				ENABLE_NS_ASSERTIONS = NO;
				ENABLE_STRICT_OBJC_MSGSEND = YES;
				GCC_C_LANGUAGE_STANDARD = gnu11;
				GCC_NO_COMMON_BLOCKS = YES;
				GCC_WARN_64_TO_32_BIT_CONVERSION = YES;
				GCC_WARN_ABOUT_RETURN_TYPE = YES_ERROR;
				GCC_WARN_UNDECLARED_SELECTOR = YES;
				GCC_WARN_UNINITIALIZED_AUTOS = YES_AGGRESSIVE;
				GCC_WARN_UNUSED_FUNCTION = YES;
				GCC_WARN_UNUSED_VARIABLE = YES;
				IPHONEOS_DEPLOYMENT_TARGET = 12.0;
				MTL_ENABLE_DEBUG_INFO = NO;
				MTL_FAST_MATH = YES;
				SDKROOT = iphoneos;
				SWIFT_COMPILATION_MODE = wholemodule;
				SWIFT_OPTIMIZATION_LEVEL = "-O";
				VALIDATE_PRODUCT = YES;
			};
			name = Release;
		};
		9AF95992215EB53F00BACF20 /* Debug */ = {
			isa = XCBuildConfiguration;
			buildSettings = {
				ASSETCATALOG_COMPILER_APPICON_NAME = AppIcon;
				CODE_SIGN_STYLE = Automatic;
				DEVELOPMENT_TEAM = "";
				INFOPLIST_FILE = InteractiveTransitionTest/Info.plist;
				LD_RUNPATH_SEARCH_PATHS = (
					"$(inherited)",
					"@executable_path/Frameworks",
				);
				PRODUCT_BUNDLE_IDENTIFIER = com.jayrhynas.InteractiveTransitionTest;
				PRODUCT_NAME = "$(TARGET_NAME)";
				SWIFT_VERSION = 4.2;
				TARGETED_DEVICE_FAMILY = "1,2";
			};
			name = Debug;
		};
		9AF95993215EB53F00BACF20 /* Release */ = {
			isa = XCBuildConfiguration;
			buildSettings = {
				ASSETCATALOG_COMPILER_APPICON_NAME = AppIcon;
				CODE_SIGN_STYLE = Automatic;
				DEVELOPMENT_TEAM = "";
				INFOPLIST_FILE = InteractiveTransitionTest/Info.plist;
				LD_RUNPATH_SEARCH_PATHS = (
					"$(inherited)",
					"@executable_path/Frameworks",
				);
				PRODUCT_BUNDLE_IDENTIFIER = com.jayrhynas.InteractiveTransitionTest;
				PRODUCT_NAME = "$(TARGET_NAME)";
				SWIFT_VERSION = 4.2;
				TARGETED_DEVICE_FAMILY = "1,2";
			};
			name = Release;
		};
/* End XCBuildConfiguration section */

/* Begin XCConfigurationList section */
		9AF9597A215EB53D00BACF20 /* Build configuration list for PBXProject "InteractiveTransitionTest" */ = {
			isa = XCConfigurationList;
			buildConfigurations = (
				9AF9598F215EB53F00BACF20 /* Debug */,
				9AF95990215EB53F00BACF20 /* Release */,
			);
			defaultConfigurationIsVisible = 0;
			defaultConfigurationName = Release;
		};
		9AF95991215EB53F00BACF20 /* Build configuration list for PBXNativeTarget "InteractiveTransitionTest" */ = {
			isa = XCConfigurationList;
			buildConfigurations = (
				9AF95992215EB53F00BACF20 /* Debug */,
				9AF95993215EB53F00BACF20 /* Release */,
			);
			defaultConfigurationIsVisible = 0;
			defaultConfigurationName = Release;
		};
/* End XCConfigurationList section */
	};
	rootObject = 9AF95977215EB53D00BACF20 /* Project object */;
}
